
Microsoft Visual Studio Solution File, Format Version 12.00
# Visual Studio Version 17
VisualStudioVersion = 17.11.35312.102
MinimumVisualStudioVersion = 10.0.40219.1
Project("{8BC9CEB8-8B4A-11D0-8D11-00A0C91BC942}") = "CORSE 7 - PROBLEM 34- PRINT ALL  VOWELS IN STRING", "CORSE 7 - PROBLEM 34- PRINT ALL  VOWELS IN STRING\CORSE 7 - PROBLEM 34- PRINT ALL  VOWELS IN STRING.vcxproj", "{F18F6016-320F-460E-947C-372529BE71D8}"
EndProject
Global
	GlobalSection(SolutionConfigurationPlatforms) = preSolution
		Debug|x64 = Debug|x64
		Debug|x86 = Debug|x86
		Release|x64 = Release|x64
		Release|x86 = Release|x86
	EndGlobalSection
	GlobalSection(ProjectConfigurationPlatforms) = postSolution
		{F18F6016-320F-460E-947C-372529BE71D8}.Debug|x64.ActiveCfg = Debug|x64
		{F18F6016-320F-460E-947C-372529BE71D8}.Debug|x64.Build.0 = Debug|x64
		{F18F6016-320F-460E-947C-372529BE71D8}.Debug|x86.ActiveCfg = Debug|Win32
		{F18F6016-320F-460E-947C-372529BE71D8}.Debug|x86.Build.0 = Debug|Win32
		{F18F6016-320F-460E-947C-372529BE71D8}.Release|x64.ActiveCfg = Release|x64
		{F18F6016-320F-460E-947C-372529BE71D8}.Release|x64.Build.0 = Release|x64
		{F18F6016-320F-460E-947C-372529BE71D8}.Release|x86.ActiveCfg = Release|Win32
		{F18F6016-320F-460E-947C-372529BE71D8}.Release|x86.Build.0 = Release|Win32
	EndGlobalSection
	GlobalSection(SolutionProperties) = preSolution
		HideSolutionNode = FALSE
	EndGlobalSection
	GlobalSection(ExtensibilityGlobals) = postSolution
		SolutionGuid = {9542C236-25AD-4BC4-9142-E240DA4C4924}
	EndGlobalSection
EndGlobal
